// !$*UTF8*$!
{
	archiveVersion = 1;
	classes = {
	};
	objectVersion = 56;
	objects = {

/* Begin PBXBuildFile section */
		0007D3352BE9DCD100B1DB2D /* UsersViewModel.swift in Sources */ = {isa = PBXBuildFile; fileRef = 0007D3342BE9DCD100B1DB2D /* UsersViewModel.swift */; };
		003613932BE9C78400FF519F /* UsersView.xib in Resources */ = {isa = PBXBuildFile; fileRef = 003613922BE9C78400FF519F /* UsersView.xib */; };
		003613942BE9C78400FF519F /* UsersView.swift in Sources */ = {isa = PBXBuildFile; fileRef = 003613912BE9C78400FF519F /* UsersView.swift */; };
		003613982BE9C7E400FF519F /* UsersDetailsCell.xib in Resources */ = {isa = PBXBuildFile; fileRef = 003613972BE9C7E400FF519F /* UsersDetailsCell.xib */; };
		003613992BE9C7E400FF519F /* UsersDetailsCell.swift in Sources */ = {isa = PBXBuildFile; fileRef = 003613962BE9C7E400FF519F /* UsersDetailsCell.swift */; };
		0044355A2BDEE38100C22F61 /* RxCocoa in Frameworks */ = {isa = PBXBuildFile; productRef = 004435592BDEE38100C22F61 /* RxCocoa */; };
		0044355C2BDEE38100C22F61 /* RxCocoa-Dynamic in Frameworks */ = {isa = PBXBuildFile; productRef = 0044355B2BDEE38100C22F61 /* RxCocoa-Dynamic */; };
		0044355E2BDEE38100C22F61 /* RxSwift in Frameworks */ = {isa = PBXBuildFile; productRef = 0044355D2BDEE38100C22F61 /* RxSwift */; settings = {ATTRIBUTES = (Required, ); }; };
		004435602BDEE38100C22F61 /* RxSwift-Dynamic in Frameworks */ = {isa = PBXBuildFile; productRef = 0044355F2BDEE38100C22F61 /* RxSwift-Dynamic */; settings = {ATTRIBUTES = (Required, ); }; };
		004DB37C2BD001A300F279E9 /* MessagesView.swift in Sources */ = {isa = PBXBuildFile; fileRef = 004DB37A2BD001A300F279E9 /* MessagesView.swift */; };
		004DB37D2BD001A300F279E9 /* MessagesView.xib in Resources */ = {isa = PBXBuildFile; fileRef = 004DB37B2BD001A300F279E9 /* MessagesView.xib */; };
		004DB3802BD001EF00F279E9 /* MyProfileViewModel.swift in Sources */ = {isa = PBXBuildFile; fileRef = 004DB37F2BD001EF00F279E9 /* MyProfileViewModel.swift */; };
		004DB3852BD0070700F279E9 /* MessageCell.swift in Sources */ = {isa = PBXBuildFile; fileRef = 004DB3832BD0070700F279E9 /* MessageCell.swift */; };
		004DB3862BD0070700F279E9 /* MessageCell.xib in Resources */ = {isa = PBXBuildFile; fileRef = 004DB3842BD0070700F279E9 /* MessageCell.xib */; };
		004DB3882BD039EC00F279E9 /* AuthModel.swift in Sources */ = {isa = PBXBuildFile; fileRef = 004DB3872BD039EC00F279E9 /* AuthModel.swift */; };
		004DB38A2BD3F0E200F279E9 /* APIPosts.swift in Sources */ = {isa = PBXBuildFile; fileRef = 004DB3892BD3F0E200F279E9 /* APIPosts.swift */; };
		004DB38E2BD3F4DB00F279E9 /* APIRequests.swift in Sources */ = {isa = PBXBuildFile; fileRef = 004DB38D2BD3F4DB00F279E9 /* APIRequests.swift */; };
		006BB0E22BBA7B3C00A0159D /* AppDelegate.swift in Sources */ = {isa = PBXBuildFile; fileRef = 006BB0E12BBA7B3C00A0159D /* AppDelegate.swift */; };
		006BB0E42BBA7B3C00A0159D /* SceneDelegate.swift in Sources */ = {isa = PBXBuildFile; fileRef = 006BB0E32BBA7B3C00A0159D /* SceneDelegate.swift */; };
		006BB0EB2BBA7B3D00A0159D /* Assets.xcassets in Resources */ = {isa = PBXBuildFile; fileRef = 006BB0EA2BBA7B3D00A0159D /* Assets.xcassets */; };
		006BB0EE2BBA7B3D00A0159D /* LaunchScreen.storyboard in Resources */ = {isa = PBXBuildFile; fileRef = 006BB0EC2BBA7B3D00A0159D /* LaunchScreen.storyboard */; };
		006BB0FC2BBA82AE00A0159D /* LogInView.swift in Sources */ = {isa = PBXBuildFile; fileRef = 006BB0FA2BBA82AE00A0159D /* LogInView.swift */; };
		006BB0FD2BBA82AE00A0159D /* LogInView.xib in Resources */ = {isa = PBXBuildFile; fileRef = 006BB0FB2BBA82AE00A0159D /* LogInView.xib */; };
		006BB1012BBB8D2000A0159D /* SocialMediaButtons.swift in Sources */ = {isa = PBXBuildFile; fileRef = 006BB1002BBB8D2000A0159D /* SocialMediaButtons.swift */; };
		006BB1032BBB8D8700A0159D /* GoogleButton.swift in Sources */ = {isa = PBXBuildFile; fileRef = 006BB1022BBB8D8700A0159D /* GoogleButton.swift */; };
		006BB1062BBB8EC000A0159D /* Colors.xcassets in Resources */ = {isa = PBXBuildFile; fileRef = 006BB1052BBB8EC000A0159D /* Colors.xcassets */; };
		006BB1092BBB91DD00A0159D /* EmailButton.swift in Sources */ = {isa = PBXBuildFile; fileRef = 006BB1082BBB91DD00A0159D /* EmailButton.swift */; };
		006BB10C2BBBB46300A0159D /* AuthTextFields.swift in Sources */ = {isa = PBXBuildFile; fileRef = 006BB10B2BBBB46300A0159D /* AuthTextFields.swift */; };
		006BB10E2BBBBA1500A0159D /* MainButton.swift in Sources */ = {isa = PBXBuildFile; fileRef = 006BB10D2BBBBA1500A0159D /* MainButton.swift */; };
		006BB1102BBBCC6700A0159D /* LogInViewModel.swift in Sources */ = {isa = PBXBuildFile; fileRef = 006BB10F2BBBCC6700A0159D /* LogInViewModel.swift */; };
		006BB1182BBBCD2700A0159D /* SignUpView.swift in Sources */ = {isa = PBXBuildFile; fileRef = 006BB1162BBBCD2700A0159D /* SignUpView.swift */; };
		006BB1192BBBCD2700A0159D /* SignUpView.xib in Resources */ = {isa = PBXBuildFile; fileRef = 006BB1172BBBCD2700A0159D /* SignUpView.xib */; };
		006BB11B2BBBCD7700A0159D /* SignUpViewModel.swift in Sources */ = {isa = PBXBuildFile; fileRef = 006BB11A2BBBCD7700A0159D /* SignUpViewModel.swift */; };
		006BB11F2BBBD1D900A0159D /* Coordinator.swift in Sources */ = {isa = PBXBuildFile; fileRef = 006BB11E2BBBD1D900A0159D /* Coordinator.swift */; };
		006BB1212BBBDF3600A0159D /* MainCoordinator.swift in Sources */ = {isa = PBXBuildFile; fileRef = 006BB1202BBBDF3600A0159D /* MainCoordinator.swift */; };
		006BB1232BBBEAD400A0159D /* AuthCoordinator.swift in Sources */ = {isa = PBXBuildFile; fileRef = 006BB1222BBBEAD400A0159D /* AuthCoordinator.swift */; };
		006BB13B2BBE749700A0159D /* Validation.swift in Sources */ = {isa = PBXBuildFile; fileRef = 006BB13A2BBE749700A0159D /* Validation.swift */; };
		006BB13F2BBFA01600A0159D /* APIConstants.swift in Sources */ = {isa = PBXBuildFile; fileRef = 006BB13E2BBFA01600A0159D /* APIConstants.swift */; };
		006BB1412BBFA0D100A0159D /* APIAuth.swift in Sources */ = {isa = PBXBuildFile; fileRef = 006BB1402BBFA0D100A0159D /* APIAuth.swift */; };
		006BB1482BC2528D00A0159D /* HomeCoordinator.swift in Sources */ = {isa = PBXBuildFile; fileRef = 006BB1472BC2528D00A0159D /* HomeCoordinator.swift */; };
		006BB14A2BC2529900A0159D /* SearchCoordinator.swift in Sources */ = {isa = PBXBuildFile; fileRef = 006BB1492BC2529900A0159D /* SearchCoordinator.swift */; };
		006BB14C2BC252A800A0159D /* NotificationCoordinator.swift in Sources */ = {isa = PBXBuildFile; fileRef = 006BB14B2BC252A800A0159D /* NotificationCoordinator.swift */; };
		006BB14E2BC252B300A0159D /* ProfileCoordinator.swift in Sources */ = {isa = PBXBuildFile; fileRef = 006BB14D2BC252B300A0159D /* ProfileCoordinator.swift */; };
		006BB1592BC253DF00A0159D /* SearchView.swift in Sources */ = {isa = PBXBuildFile; fileRef = 006BB1572BC253DF00A0159D /* SearchView.swift */; };
		006BB15A2BC253DF00A0159D /* SearchView.xib in Resources */ = {isa = PBXBuildFile; fileRef = 006BB1582BC253DF00A0159D /* SearchView.xib */; };
		006BB15D2BC253F200A0159D /* NotifiView.swift in Sources */ = {isa = PBXBuildFile; fileRef = 006BB15B2BC253F200A0159D /* NotifiView.swift */; };
		006BB15E2BC253F200A0159D /* NotifiView.xib in Resources */ = {isa = PBXBuildFile; fileRef = 006BB15C2BC253F200A0159D /* NotifiView.xib */; };
		006BB1612BC2540100A0159D /* MyProfileView.swift in Sources */ = {isa = PBXBuildFile; fileRef = 006BB15F2BC2540100A0159D /* MyProfileView.swift */; };
		006BB1622BC2540100A0159D /* MyProfileView.xib in Resources */ = {isa = PBXBuildFile; fileRef = 006BB1602BC2540100A0159D /* MyProfileView.xib */; };
		006BB1672BC3966F00A0159D /* HomeView.swift in Sources */ = {isa = PBXBuildFile; fileRef = 006BB1652BC3966F00A0159D /* HomeView.swift */; };
		006BB16A2BC396A700A0159D /* HomeView.xib in Resources */ = {isa = PBXBuildFile; fileRef = 006BB1692BC396A700A0159D /* HomeView.xib */; };
		006BB1792BC3C0E200A0159D /* AddPostCell.swift in Sources */ = {isa = PBXBuildFile; fileRef = 006BB1772BC3C0E200A0159D /* AddPostCell.swift */; };
		006BB17A2BC3C0E200A0159D /* AddPostCell.xib in Resources */ = {isa = PBXBuildFile; fileRef = 006BB1782BC3C0E200A0159D /* AddPostCell.xib */; };
		0072892C2BDF0D68007CF4D7 /* RxCocoa-Dynamic in Embed Frameworks */ = {isa = PBXBuildFile; productRef = 0044355B2BDEE38100C22F61 /* RxCocoa-Dynamic */; settings = {ATTRIBUTES = (CodeSignOnCopy, ); }; };
		0072892D2BDF0D6A007CF4D7 /* RxSwift-Dynamic in Embed Frameworks */ = {isa = PBXBuildFile; productRef = 0044355F2BDEE38100C22F61 /* RxSwift-Dynamic */; settings = {ATTRIBUTES = (CodeSignOnCopy, ); }; };
		0072892F2BDF1217007CF4D7 /* RxBlocking in Frameworks */ = {isa = PBXBuildFile; productRef = 0072892E2BDF1217007CF4D7 /* RxBlocking */; };
		007289312BDF1217007CF4D7 /* RxBlocking-Dynamic in Frameworks */ = {isa = PBXBuildFile; productRef = 007289302BDF1217007CF4D7 /* RxBlocking-Dynamic */; };
		007289322BDF1253007CF4D7 /* RxBlocking-Dynamic in Embed Frameworks */ = {isa = PBXBuildFile; productRef = 007289302BDF1217007CF4D7 /* RxBlocking-Dynamic */; settings = {ATTRIBUTES = (CodeSignOnCopy, ); }; };
		007289352BDF1EE3007CF4D7 /* PostModel.swift in Sources */ = {isa = PBXBuildFile; fileRef = 007289342BDF1EE3007CF4D7 /* PostModel.swift */; };
		007289372BDF4B1A007CF4D7 /* UserModel.swift in Sources */ = {isa = PBXBuildFile; fileRef = 007289362BDF4B1A007CF4D7 /* UserModel.swift */; };
		007289392BE34E62007CF4D7 /* APIPostInteractions.swift in Sources */ = {isa = PBXBuildFile; fileRef = 007289382BE34E62007CF4D7 /* APIPostInteractions.swift */; };
		0072893B2BE73C92007CF4D7 /* CommentModel.swift in Sources */ = {isa = PBXBuildFile; fileRef = 0072893A2BE73C92007CF4D7 /* CommentModel.swift */; };
		0072893D2BE73E4F007CF4D7 /* CommentViewModel.swift in Sources */ = {isa = PBXBuildFile; fileRef = 0072893C2BE73E4F007CF4D7 /* CommentViewModel.swift */; };
		0099BE812BCD4096008DE9E0 /* ImageSelectionManager.swift in Sources */ = {isa = PBXBuildFile; fileRef = 0099BE802BCD4096008DE9E0 /* ImageSelectionManager.swift */; };
		0099BE852BCE6DBB008DE9E0 /* NotifiCell.swift in Sources */ = {isa = PBXBuildFile; fileRef = 0099BE832BCE6DBB008DE9E0 /* NotifiCell.swift */; };
		0099BE862BCE6DBB008DE9E0 /* NotifiCell.xib in Resources */ = {isa = PBXBuildFile; fileRef = 0099BE842BCE6DBB008DE9E0 /* NotifiCell.xib */; };
		009EB3D12BCBB614006F19C4 /* CommentCell.swift in Sources */ = {isa = PBXBuildFile; fileRef = 009EB3CF2BCBB614006F19C4 /* CommentCell.swift */; };
		009EB3D22BCBB614006F19C4 /* CommentCell.xib in Resources */ = {isa = PBXBuildFile; fileRef = 009EB3D02BCBB614006F19C4 /* CommentCell.xib */; };
		009EB3D62BCBEBF7006F19C4 /* MyProfileDetailsCell.swift in Sources */ = {isa = PBXBuildFile; fileRef = 009EB3D42BCBEBF7006F19C4 /* MyProfileDetailsCell.swift */; };
		009EB3D72BCBEBF7006F19C4 /* MyProfileDetailsCell.xib in Resources */ = {isa = PBXBuildFile; fileRef = 009EB3D52BCBEBF7006F19C4 /* MyProfileDetailsCell.xib */; };
		009EB3DC2BCCEEB5006F19C4 /* AddUserInfoCell.swift in Sources */ = {isa = PBXBuildFile; fileRef = 009EB3DA2BCCEEB5006F19C4 /* AddUserInfoCell.swift */; };
		009EB3DD2BCCEEB5006F19C4 /* AddUserInfoCell.xib in Resources */ = {isa = PBXBuildFile; fileRef = 009EB3DB2BCCEEB5006F19C4 /* AddUserInfoCell.xib */; };
		00D96B1E2BC514A900D403AC /* PostsCell.swift in Sources */ = {isa = PBXBuildFile; fileRef = 00D96B1C2BC514A900D403AC /* PostsCell.swift */; };
		00D96B1F2BC514A900D403AC /* PostCell.xib in Resources */ = {isa = PBXBuildFile; fileRef = 00D96B1D2BC514A900D403AC /* PostCell.xib */; };
		00D96B222BC9299400D403AC /* HomeViewModel.swift in Sources */ = {isa = PBXBuildFile; fileRef = 00D96B212BC9299400D403AC /* HomeViewModel.swift */; };
		00D96B262BC92E8E00D403AC /* CommentsView.swift in Sources */ = {isa = PBXBuildFile; fileRef = 00D96B242BC92E8E00D403AC /* CommentsView.swift */; };
		00D96B272BC92E8E00D403AC /* CommentsView.xib in Resources */ = {isa = PBXBuildFile; fileRef = 00D96B252BC92E8E00D403AC /* CommentsView.xib */; };
/* End PBXBuildFile section */

/* Begin PBXCopyFilesBuildPhase section */
		004DB3902BDDABB600F279E9 /* Embed Frameworks */ = {
			isa = PBXCopyFilesBuildPhase;
			buildActionMask = 2147483647;
			dstPath = "";
			dstSubfolderSpec = 10;
			files = (
				007289322BDF1253007CF4D7 /* RxBlocking-Dynamic in Embed Frameworks */,
				0072892D2BDF0D6A007CF4D7 /* RxSwift-Dynamic in Embed Frameworks */,
				0072892C2BDF0D68007CF4D7 /* RxCocoa-Dynamic in Embed Frameworks */,
			);
			name = "Embed Frameworks";
			runOnlyForDeploymentPostprocessing = 0;
		};
/* End PBXCopyFilesBuildPhase section */

/* Begin PBXFileReference section */
		0007D3342BE9DCD100B1DB2D /* UsersViewModel.swift */ = {isa = PBXFileReference; lastKnownFileType = sourcecode.swift; path = UsersViewModel.swift; sourceTree = "<group>"; };
		003613912BE9C78400FF519F /* UsersView.swift */ = {isa = PBXFileReference; lastKnownFileType = sourcecode.swift; path = UsersView.swift; sourceTree = "<group>"; };
		003613922BE9C78400FF519F /* UsersView.xib */ = {isa = PBXFileReference; lastKnownFileType = file.xib; path = UsersView.xib; sourceTree = "<group>"; };
		003613962BE9C7E400FF519F /* UsersDetailsCell.swift */ = {isa = PBXFileReference; lastKnownFileType = sourcecode.swift; path = UsersDetailsCell.swift; sourceTree = "<group>"; };
		003613972BE9C7E400FF519F /* UsersDetailsCell.xib */ = {isa = PBXFileReference; lastKnownFileType = file.xib; path = UsersDetailsCell.xib; sourceTree = "<group>"; };
		004DB37A2BD001A300F279E9 /* MessagesView.swift */ = {isa = PBXFileReference; lastKnownFileType = sourcecode.swift; path = MessagesView.swift; sourceTree = "<group>"; };
		004DB37B2BD001A300F279E9 /* MessagesView.xib */ = {isa = PBXFileReference; lastKnownFileType = file.xib; path = MessagesView.xib; sourceTree = "<group>"; };
		004DB37F2BD001EF00F279E9 /* MyProfileViewModel.swift */ = {isa = PBXFileReference; lastKnownFileType = sourcecode.swift; path = MyProfileViewModel.swift; sourceTree = "<group>"; };
		004DB3832BD0070700F279E9 /* MessageCell.swift */ = {isa = PBXFileReference; lastKnownFileType = sourcecode.swift; path = MessageCell.swift; sourceTree = "<group>"; };
		004DB3842BD0070700F279E9 /* MessageCell.xib */ = {isa = PBXFileReference; lastKnownFileType = file.xib; path = MessageCell.xib; sourceTree = "<group>"; };
		004DB3872BD039EC00F279E9 /* AuthModel.swift */ = {isa = PBXFileReference; lastKnownFileType = sourcecode.swift; path = AuthModel.swift; sourceTree = "<group>"; };
		004DB3892BD3F0E200F279E9 /* APIPosts.swift */ = {isa = PBXFileReference; lastKnownFileType = sourcecode.swift; path = APIPosts.swift; sourceTree = "<group>"; };
		004DB38D2BD3F4DB00F279E9 /* APIRequests.swift */ = {isa = PBXFileReference; lastKnownFileType = sourcecode.swift; path = APIRequests.swift; sourceTree = "<group>"; };
		006BB0DE2BBA7B3C00A0159D /* SocialApp.app */ = {isa = PBXFileReference; explicitFileType = wrapper.application; includeInIndex = 0; path = SocialApp.app; sourceTree = BUILT_PRODUCTS_DIR; };
		006BB0E12BBA7B3C00A0159D /* AppDelegate.swift */ = {isa = PBXFileReference; lastKnownFileType = sourcecode.swift; path = AppDelegate.swift; sourceTree = "<group>"; };
		006BB0E32BBA7B3C00A0159D /* SceneDelegate.swift */ = {isa = PBXFileReference; lastKnownFileType = sourcecode.swift; path = SceneDelegate.swift; sourceTree = "<group>"; };
		006BB0EA2BBA7B3D00A0159D /* Assets.xcassets */ = {isa = PBXFileReference; lastKnownFileType = folder.assetcatalog; path = Assets.xcassets; sourceTree = "<group>"; };
		006BB0ED2BBA7B3D00A0159D /* Base */ = {isa = PBXFileReference; lastKnownFileType = file.storyboard; name = Base; path = Base.lproj/LaunchScreen.storyboard; sourceTree = "<group>"; };
		006BB0EF2BBA7B3D00A0159D /* Info.plist */ = {isa = PBXFileReference; lastKnownFileType = text.plist.xml; path = Info.plist; sourceTree = "<group>"; };
		006BB0FA2BBA82AE00A0159D /* LogInView.swift */ = {isa = PBXFileReference; lastKnownFileType = sourcecode.swift; path = LogInView.swift; sourceTree = "<group>"; };
		006BB0FB2BBA82AE00A0159D /* LogInView.xib */ = {isa = PBXFileReference; lastKnownFileType = file.xib; path = LogInView.xib; sourceTree = "<group>"; };
		006BB1002BBB8D2000A0159D /* SocialMediaButtons.swift */ = {isa = PBXFileReference; lastKnownFileType = sourcecode.swift; path = SocialMediaButtons.swift; sourceTree = "<group>"; };
		006BB1022BBB8D8700A0159D /* GoogleButton.swift */ = {isa = PBXFileReference; lastKnownFileType = sourcecode.swift; path = GoogleButton.swift; sourceTree = "<group>"; };
		006BB1052BBB8EC000A0159D /* Colors.xcassets */ = {isa = PBXFileReference; lastKnownFileType = folder.assetcatalog; path = Colors.xcassets; sourceTree = "<group>"; };
		006BB1082BBB91DD00A0159D /* EmailButton.swift */ = {isa = PBXFileReference; lastKnownFileType = sourcecode.swift; path = EmailButton.swift; sourceTree = "<group>"; };
		006BB10B2BBBB46300A0159D /* AuthTextFields.swift */ = {isa = PBXFileReference; lastKnownFileType = sourcecode.swift; path = AuthTextFields.swift; sourceTree = "<group>"; };
		006BB10D2BBBBA1500A0159D /* MainButton.swift */ = {isa = PBXFileReference; lastKnownFileType = sourcecode.swift; path = MainButton.swift; sourceTree = "<group>"; };
		006BB10F2BBBCC6700A0159D /* LogInViewModel.swift */ = {isa = PBXFileReference; lastKnownFileType = sourcecode.swift; path = LogInViewModel.swift; sourceTree = "<group>"; };
		006BB1162BBBCD2700A0159D /* SignUpView.swift */ = {isa = PBXFileReference; lastKnownFileType = sourcecode.swift; path = SignUpView.swift; sourceTree = "<group>"; };
		006BB1172BBBCD2700A0159D /* SignUpView.xib */ = {isa = PBXFileReference; lastKnownFileType = file.xib; path = SignUpView.xib; sourceTree = "<group>"; };
		006BB11A2BBBCD7700A0159D /* SignUpViewModel.swift */ = {isa = PBXFileReference; lastKnownFileType = sourcecode.swift; path = SignUpViewModel.swift; sourceTree = "<group>"; };
		006BB11E2BBBD1D900A0159D /* Coordinator.swift */ = {isa = PBXFileReference; lastKnownFileType = sourcecode.swift; path = Coordinator.swift; sourceTree = "<group>"; };
		006BB1202BBBDF3600A0159D /* MainCoordinator.swift */ = {isa = PBXFileReference; lastKnownFileType = sourcecode.swift; path = MainCoordinator.swift; sourceTree = "<group>"; };
		006BB1222BBBEAD400A0159D /* AuthCoordinator.swift */ = {isa = PBXFileReference; lastKnownFileType = sourcecode.swift; path = AuthCoordinator.swift; sourceTree = "<group>"; };
		006BB13A2BBE749700A0159D /* Validation.swift */ = {isa = PBXFileReference; lastKnownFileType = sourcecode.swift; path = Validation.swift; sourceTree = "<group>"; };
		006BB13E2BBFA01600A0159D /* APIConstants.swift */ = {isa = PBXFileReference; lastKnownFileType = sourcecode.swift; path = APIConstants.swift; sourceTree = "<group>"; };
		006BB1402BBFA0D100A0159D /* APIAuth.swift */ = {isa = PBXFileReference; lastKnownFileType = sourcecode.swift; path = APIAuth.swift; sourceTree = "<group>"; };
		006BB1472BC2528D00A0159D /* HomeCoordinator.swift */ = {isa = PBXFileReference; lastKnownFileType = sourcecode.swift; path = HomeCoordinator.swift; sourceTree = "<group>"; };
		006BB1492BC2529900A0159D /* SearchCoordinator.swift */ = {isa = PBXFileReference; lastKnownFileType = sourcecode.swift; path = SearchCoordinator.swift; sourceTree = "<group>"; };
		006BB14B2BC252A800A0159D /* NotificationCoordinator.swift */ = {isa = PBXFileReference; lastKnownFileType = sourcecode.swift; path = NotificationCoordinator.swift; sourceTree = "<group>"; };
		006BB14D2BC252B300A0159D /* ProfileCoordinator.swift */ = {isa = PBXFileReference; lastKnownFileType = sourcecode.swift; path = ProfileCoordinator.swift; sourceTree = "<group>"; };
		006BB1572BC253DF00A0159D /* SearchView.swift */ = {isa = PBXFileReference; lastKnownFileType = sourcecode.swift; path = SearchView.swift; sourceTree = "<group>"; };
		006BB1582BC253DF00A0159D /* SearchView.xib */ = {isa = PBXFileReference; lastKnownFileType = file.xib; path = SearchView.xib; sourceTree = "<group>"; };
		006BB15B2BC253F200A0159D /* NotifiView.swift */ = {isa = PBXFileReference; lastKnownFileType = sourcecode.swift; path = NotifiView.swift; sourceTree = "<group>"; };
		006BB15C2BC253F200A0159D /* NotifiView.xib */ = {isa = PBXFileReference; lastKnownFileType = file.xib; path = NotifiView.xib; sourceTree = "<group>"; };
		006BB15F2BC2540100A0159D /* MyProfileView.swift */ = {isa = PBXFileReference; lastKnownFileType = sourcecode.swift; path = MyProfileView.swift; sourceTree = "<group>"; };
		006BB1602BC2540100A0159D /* MyProfileView.xib */ = {isa = PBXFileReference; lastKnownFileType = file.xib; path = MyProfileView.xib; sourceTree = "<group>"; };
		006BB1652BC3966F00A0159D /* HomeView.swift */ = {isa = PBXFileReference; lastKnownFileType = sourcecode.swift; path = HomeView.swift; sourceTree = "<group>"; };
		006BB1692BC396A700A0159D /* HomeView.xib */ = {isa = PBXFileReference; lastKnownFileType = file.xib; path = HomeView.xib; sourceTree = "<group>"; };
		006BB1772BC3C0E200A0159D /* AddPostCell.swift */ = {isa = PBXFileReference; lastKnownFileType = sourcecode.swift; path = AddPostCell.swift; sourceTree = "<group>"; };
		006BB1782BC3C0E200A0159D /* AddPostCell.xib */ = {isa = PBXFileReference; lastKnownFileType = file.xib; path = AddPostCell.xib; sourceTree = "<group>"; };
		007289342BDF1EE3007CF4D7 /* PostModel.swift */ = {isa = PBXFileReference; lastKnownFileType = sourcecode.swift; path = PostModel.swift; sourceTree = "<group>"; };
		007289362BDF4B1A007CF4D7 /* UserModel.swift */ = {isa = PBXFileReference; lastKnownFileType = sourcecode.swift; path = UserModel.swift; sourceTree = "<group>"; };
		007289382BE34E62007CF4D7 /* APIPostInteractions.swift */ = {isa = PBXFileReference; lastKnownFileType = sourcecode.swift; path = APIPostInteractions.swift; sourceTree = "<group>"; };
		0072893A2BE73C92007CF4D7 /* CommentModel.swift */ = {isa = PBXFileReference; lastKnownFileType = sourcecode.swift; path = CommentModel.swift; sourceTree = "<group>"; };
		0072893C2BE73E4F007CF4D7 /* CommentViewModel.swift */ = {isa = PBXFileReference; lastKnownFileType = sourcecode.swift; path = CommentViewModel.swift; sourceTree = "<group>"; };
		0099BE802BCD4096008DE9E0 /* ImageSelectionManager.swift */ = {isa = PBXFileReference; lastKnownFileType = sourcecode.swift; path = ImageSelectionManager.swift; sourceTree = "<group>"; };
		0099BE832BCE6DBB008DE9E0 /* NotifiCell.swift */ = {isa = PBXFileReference; lastKnownFileType = sourcecode.swift; path = NotifiCell.swift; sourceTree = "<group>"; };
		0099BE842BCE6DBB008DE9E0 /* NotifiCell.xib */ = {isa = PBXFileReference; lastKnownFileType = file.xib; path = NotifiCell.xib; sourceTree = "<group>"; };
		009EB3CF2BCBB614006F19C4 /* CommentCell.swift */ = {isa = PBXFileReference; lastKnownFileType = sourcecode.swift; path = CommentCell.swift; sourceTree = "<group>"; };
		009EB3D02BCBB614006F19C4 /* CommentCell.xib */ = {isa = PBXFileReference; lastKnownFileType = file.xib; path = CommentCell.xib; sourceTree = "<group>"; };
		009EB3D42BCBEBF7006F19C4 /* MyProfileDetailsCell.swift */ = {isa = PBXFileReference; lastKnownFileType = sourcecode.swift; path = MyProfileDetailsCell.swift; sourceTree = "<group>"; };
		009EB3D52BCBEBF7006F19C4 /* MyProfileDetailsCell.xib */ = {isa = PBXFileReference; lastKnownFileType = file.xib; path = MyProfileDetailsCell.xib; sourceTree = "<group>"; };
		009EB3DA2BCCEEB5006F19C4 /* AddUserInfoCell.swift */ = {isa = PBXFileReference; lastKnownFileType = sourcecode.swift; path = AddUserInfoCell.swift; sourceTree = "<group>"; };
		009EB3DB2BCCEEB5006F19C4 /* AddUserInfoCell.xib */ = {isa = PBXFileReference; lastKnownFileType = file.xib; path = AddUserInfoCell.xib; sourceTree = "<group>"; };
		00D96B1C2BC514A900D403AC /* PostsCell.swift */ = {isa = PBXFileReference; lastKnownFileType = sourcecode.swift; path = PostsCell.swift; sourceTree = "<group>"; };
		00D96B1D2BC514A900D403AC /* PostCell.xib */ = {isa = PBXFileReference; lastKnownFileType = file.xib; path = PostCell.xib; sourceTree = "<group>"; };
		00D96B212BC9299400D403AC /* HomeViewModel.swift */ = {isa = PBXFileReference; lastKnownFileType = sourcecode.swift; path = HomeViewModel.swift; sourceTree = "<group>"; };
		00D96B242BC92E8E00D403AC /* CommentsView.swift */ = {isa = PBXFileReference; lastKnownFileType = sourcecode.swift; path = CommentsView.swift; sourceTree = "<group>"; };
		00D96B252BC92E8E00D403AC /* CommentsView.xib */ = {isa = PBXFileReference; lastKnownFileType = file.xib; path = CommentsView.xib; sourceTree = "<group>"; };
/* End PBXFileReference section */

/* Begin PBXFrameworksBuildPhase section */
		006BB0DB2BBA7B3C00A0159D /* Frameworks */ = {
			isa = PBXFrameworksBuildPhase;
			buildActionMask = 2147483647;
			files = (
				004435602BDEE38100C22F61 /* RxSwift-Dynamic in Frameworks */,
				0044355E2BDEE38100C22F61 /* RxSwift in Frameworks */,
				0044355C2BDEE38100C22F61 /* RxCocoa-Dynamic in Frameworks */,
				007289312BDF1217007CF4D7 /* RxBlocking-Dynamic in Frameworks */,
				0044355A2BDEE38100C22F61 /* RxCocoa in Frameworks */,
				0072892F2BDF1217007CF4D7 /* RxBlocking in Frameworks */,
			);
			runOnlyForDeploymentPostprocessing = 0;
		};
/* End PBXFrameworksBuildPhase section */

/* Begin PBXGroup section */
		0020034C2BE89C7D00A44738 /* OtherUsersScreen */ = {
			isa = PBXGroup;
			children = (
				003613902BE9C63700FF519F /* UsersScreen */,
				003613952BE9C7A400FF519F /* UsersScreenCustomCells */,
			);
			path = OtherUsersScreen;
			sourceTree = "<group>";
		};
		003613902BE9C63700FF519F /* UsersScreen */ = {
			isa = PBXGroup;
			children = (
				003613912BE9C78400FF519F /* UsersView.swift */,
				003613922BE9C78400FF519F /* UsersView.xib */,
				0007D3342BE9DCD100B1DB2D /* UsersViewModel.swift */,
			);
			path = UsersScreen;
			sourceTree = "<group>";
		};
		003613952BE9C7A400FF519F /* UsersScreenCustomCells */ = {
			isa = PBXGroup;
			children = (
				003613962BE9C7E400FF519F /* UsersDetailsCell.swift */,
				003613972BE9C7E400FF519F /* UsersDetailsCell.xib */,
			);
			path = UsersScreenCustomCells;
			sourceTree = "<group>";
		};
		004DB3792BD0018800F279E9 /* MessagesScreen */ = {
			isa = PBXGroup;
			children = (
				004DB37A2BD001A300F279E9 /* MessagesView.swift */,
				004DB37B2BD001A300F279E9 /* MessagesView.xib */,
			);
			path = MessagesScreen;
			sourceTree = "<group>";
		};
		004DB37E2BD001DA00F279E9 /* ProfileScreen */ = {
			isa = PBXGroup;
			children = (
				006BB15F2BC2540100A0159D /* MyProfileView.swift */,
				006BB1602BC2540100A0159D /* MyProfileView.xib */,
				004DB37F2BD001EF00F279E9 /* MyProfileViewModel.swift */,
			);
			path = ProfileScreen;
			sourceTree = "<group>";
		};
		004DB3812BD006BD00F279E9 /* ProfileCells */ = {
			isa = PBXGroup;
			children = (
				009EB3D92BCCEE9A006F19C4 /* AddUserInfoCell */,
				009EB3D82BCCEE89006F19C4 /* UserDetailsCell */,
			);
			path = ProfileCells;
			sourceTree = "<group>";
		};
		004DB3822BD006D900F279E9 /* MessagesCell */ = {
			isa = PBXGroup;
			children = (
				004DB3832BD0070700F279E9 /* MessageCell.swift */,
				004DB3842BD0070700F279E9 /* MessageCell.xib */,
			);
			path = MessagesCell;
			sourceTree = "<group>";
		};
		006BB0D52BBA7B3C00A0159D = {
			isa = PBXGroup;
			children = (
				006BB0E02BBA7B3C00A0159D /* SocialApp */,
				006BB0DF2BBA7B3C00A0159D /* Products */,
			);
			sourceTree = "<group>";
		};
		006BB0DF2BBA7B3C00A0159D /* Products */ = {
			isa = PBXGroup;
			children = (
				006BB0DE2BBA7B3C00A0159D /* SocialApp.app */,
			);
			name = Products;
			sourceTree = "<group>";
		};
		006BB0E02BBA7B3C00A0159D /* SocialApp */ = {
			isa = PBXGroup;
			children = (
				007289332BDF1E8D007CF4D7 /* Models */,
				006BB13C2BBF9FB700A0159D /* Scenes */,
				006BB13D2BBF9FDB00A0159D /* APIServices */,
				006BB11C2BBBD00300A0159D /* Utilities */,
				006BB1042BBB8E7D00A0159D /* Resources */,
				006BB0E12BBA7B3C00A0159D /* AppDelegate.swift */,
				006BB0E32BBA7B3C00A0159D /* SceneDelegate.swift */,
				006BB0EC2BBA7B3D00A0159D /* LaunchScreen.storyboard */,
				006BB0EF2BBA7B3D00A0159D /* Info.plist */,
			);
			path = SocialApp;
			sourceTree = "<group>";
		};
		006BB0F72BBA822A00A0159D /* Auth */ = {
			isa = PBXGroup;
			children = (
				006BB0F82BBA823400A0159D /* LogInScreen */,
				006BB1112BBBCCA800A0159D /* SignUpScreen */,
			);
			path = Auth;
			sourceTree = "<group>";
		};
		006BB0F82BBA823400A0159D /* LogInScreen */ = {
			isa = PBXGroup;
			children = (
				006BB0FA2BBA82AE00A0159D /* LogInView.swift */,
				006BB0FB2BBA82AE00A0159D /* LogInView.xib */,
				006BB10F2BBBCC6700A0159D /* LogInViewModel.swift */,
			);
			path = LogInScreen;
			sourceTree = "<group>";
		};
		006BB0FF2BBB8CEF00A0159D /* CustomViews */ = {
			isa = PBXGroup;
			children = (
				006BB10A2BBBB43A00A0159D /* TextFeilds */,
				006BB1072BBB91CE00A0159D /* Buttons */,
			);
			path = CustomViews;
			sourceTree = "<group>";
		};
		006BB1042BBB8E7D00A0159D /* Resources */ = {
			isa = PBXGroup;
			children = (
				006BB0EA2BBA7B3D00A0159D /* Assets.xcassets */,
				006BB1052BBB8EC000A0159D /* Colors.xcassets */,
			);
			path = Resources;
			sourceTree = "<group>";
		};
		006BB1072BBB91CE00A0159D /* Buttons */ = {
			isa = PBXGroup;
			children = (
				006BB1002BBB8D2000A0159D /* SocialMediaButtons.swift */,
				006BB1022BBB8D8700A0159D /* GoogleButton.swift */,
				006BB1082BBB91DD00A0159D /* EmailButton.swift */,
				006BB10D2BBBBA1500A0159D /* MainButton.swift */,
			);
			path = Buttons;
			sourceTree = "<group>";
		};
		006BB10A2BBBB43A00A0159D /* TextFeilds */ = {
			isa = PBXGroup;
			children = (
				006BB10B2BBBB46300A0159D /* AuthTextFields.swift */,
			);
			path = TextFeilds;
			sourceTree = "<group>";
		};
		006BB1112BBBCCA800A0159D /* SignUpScreen */ = {
			isa = PBXGroup;
			children = (
				006BB1162BBBCD2700A0159D /* SignUpView.swift */,
				006BB1172BBBCD2700A0159D /* SignUpView.xib */,
				006BB11A2BBBCD7700A0159D /* SignUpViewModel.swift */,
			);
			path = SignUpScreen;
			sourceTree = "<group>";
		};
		006BB11C2BBBD00300A0159D /* Utilities */ = {
			isa = PBXGroup;
			children = (
				006BB0FF2BBB8CEF00A0159D /* CustomViews */,
				006BB11D2BBBD1C900A0159D /* Coordinator */,
				006BB1392BBE747C00A0159D /* TextFieldsValidation */,
			);
			path = Utilities;
			sourceTree = "<group>";
		};
		006BB11D2BBBD1C900A0159D /* Coordinator */ = {
			isa = PBXGroup;
			children = (
				006BB11E2BBBD1D900A0159D /* Coordinator.swift */,
				006BB1202BBBDF3600A0159D /* MainCoordinator.swift */,
				006BB1222BBBEAD400A0159D /* AuthCoordinator.swift */,
				006BB1472BC2528D00A0159D /* HomeCoordinator.swift */,
				006BB1492BC2529900A0159D /* SearchCoordinator.swift */,
				006BB14B2BC252A800A0159D /* NotificationCoordinator.swift */,
				006BB14D2BC252B300A0159D /* ProfileCoordinator.swift */,
			);
			path = Coordinator;
			sourceTree = "<group>";
		};
		006BB1392BBE747C00A0159D /* TextFieldsValidation */ = {
			isa = PBXGroup;
			children = (
				006BB13A2BBE749700A0159D /* Validation.swift */,
			);
			path = TextFieldsValidation;
			sourceTree = "<group>";
		};
		006BB13C2BBF9FB700A0159D /* Scenes */ = {
			isa = PBXGroup;
			children = (
				006BB0F72BBA822A00A0159D /* Auth */,
				006BB1422BC24F6500A0159D /* TabBar */,
				0020034C2BE89C7D00A44738 /* OtherUsersScreen */,
			);
			path = Scenes;
			sourceTree = "<group>";
		};
		006BB13D2BBF9FDB00A0159D /* APIServices */ = {
			isa = PBXGroup;
			children = (
				006BB13E2BBFA01600A0159D /* APIConstants.swift */,
				004DB38D2BD3F4DB00F279E9 /* APIRequests.swift */,
				006BB1402BBFA0D100A0159D /* APIAuth.swift */,
				004DB3892BD3F0E200F279E9 /* APIPosts.swift */,
				007289382BE34E62007CF4D7 /* APIPostInteractions.swift */,
			);
			path = APIServices;
			sourceTree = "<group>";
		};
		006BB1422BC24F6500A0159D /* TabBar */ = {
			isa = PBXGroup;
			children = (
				006BB14F2BC2538E00A0159D /* Home */,
				006BB1522BC253AF00A0159D /* Search */,
				006BB1512BC2539F00A0159D /* Notification */,
				006BB1502BC2539400A0159D /* Profile */,
			);
			path = TabBar;
			sourceTree = "<group>";
		};
		006BB14F2BC2538E00A0159D /* Home */ = {
			isa = PBXGroup;
			children = (
				00D96B202BC9296000D403AC /* HomeScreen */,
				00D96B232BC92E2A00D403AC /* CommentScreen */,
				006BB16D2BC3BB3100A0159D /* CustomHomeCells */,
			);
			path = Home;
			sourceTree = "<group>";
		};
		006BB1502BC2539400A0159D /* Profile */ = {
			isa = PBXGroup;
			children = (
				004DB37E2BD001DA00F279E9 /* ProfileScreen */,
				004DB3792BD0018800F279E9 /* MessagesScreen */,
				009EB3D32BCBEBC6006F19C4 /* CustomProfileCells */,
			);
			path = Profile;
			sourceTree = "<group>";
		};
		006BB1512BC2539F00A0159D /* Notification */ = {
			isa = PBXGroup;
			children = (
				006BB15B2BC253F200A0159D /* NotifiView.swift */,
				006BB15C2BC253F200A0159D /* NotifiView.xib */,
				0099BE822BCE6D92008DE9E0 /* CustomNotifiCells */,
			);
			path = Notification;
			sourceTree = "<group>";
		};
		006BB1522BC253AF00A0159D /* Search */ = {
			isa = PBXGroup;
			children = (
				006BB1572BC253DF00A0159D /* SearchView.swift */,
				006BB1582BC253DF00A0159D /* SearchView.xib */,
			);
			path = Search;
			sourceTree = "<group>";
		};
		006BB16D2BC3BB3100A0159D /* CustomHomeCells */ = {
			isa = PBXGroup;
			children = (
				006BB1722BC3BB6F00A0159D /* AddPost */,
				00D96B1B2BC5143B00D403AC /* PostCell */,
				009EB3CE2BCBB5EE006F19C4 /* CommentsCell */,
			);
			path = CustomHomeCells;
			sourceTree = "<group>";
		};
		006BB1722BC3BB6F00A0159D /* AddPost */ = {
			isa = PBXGroup;
			children = (
				006BB1772BC3C0E200A0159D /* AddPostCell.swift */,
				006BB1782BC3C0E200A0159D /* AddPostCell.xib */,
			);
			path = AddPost;
			sourceTree = "<group>";
		};
		007289332BDF1E8D007CF4D7 /* Models */ = {
			isa = PBXGroup;
			children = (
				004DB3872BD039EC00F279E9 /* AuthModel.swift */,
				007289342BDF1EE3007CF4D7 /* PostModel.swift */,
				007289362BDF4B1A007CF4D7 /* UserModel.swift */,
				0072893A2BE73C92007CF4D7 /* CommentModel.swift */,
			);
			path = Models;
			sourceTree = "<group>";
		};
		0099BE822BCE6D92008DE9E0 /* CustomNotifiCells */ = {
			isa = PBXGroup;
			children = (
				0099BE832BCE6DBB008DE9E0 /* NotifiCell.swift */,
				0099BE842BCE6DBB008DE9E0 /* NotifiCell.xib */,
			);
			path = CustomNotifiCells;
			sourceTree = "<group>";
		};
		009EB3CE2BCBB5EE006F19C4 /* CommentsCell */ = {
			isa = PBXGroup;
			children = (
				009EB3CF2BCBB614006F19C4 /* CommentCell.swift */,
				009EB3D02BCBB614006F19C4 /* CommentCell.xib */,
			);
			path = CommentsCell;
			sourceTree = "<group>";
		};
		009EB3D32BCBEBC6006F19C4 /* CustomProfileCells */ = {
			isa = PBXGroup;
			children = (
				004DB3812BD006BD00F279E9 /* ProfileCells */,
				004DB3822BD006D900F279E9 /* MessagesCell */,
			);
			path = CustomProfileCells;
			sourceTree = "<group>";
		};
		009EB3D82BCCEE89006F19C4 /* UserDetailsCell */ = {
			isa = PBXGroup;
			children = (
				009EB3D42BCBEBF7006F19C4 /* MyProfileDetailsCell.swift */,
				009EB3D52BCBEBF7006F19C4 /* MyProfileDetailsCell.xib */,
			);
			path = UserDetailsCell;
			sourceTree = "<group>";
		};
		009EB3D92BCCEE9A006F19C4 /* AddUserInfoCell */ = {
			isa = PBXGroup;
			children = (
				009EB3DA2BCCEEB5006F19C4 /* AddUserInfoCell.swift */,
				009EB3DB2BCCEEB5006F19C4 /* AddUserInfoCell.xib */,
				0099BE802BCD4096008DE9E0 /* ImageSelectionManager.swift */,
			);
			path = AddUserInfoCell;
			sourceTree = "<group>";
		};
		00D96B1B2BC5143B00D403AC /* PostCell */ = {
			isa = PBXGroup;
			children = (
				00D96B1C2BC514A900D403AC /* PostsCell.swift */,
				00D96B1D2BC514A900D403AC /* PostCell.xib */,
			);
			path = PostCell;
			sourceTree = "<group>";
		};
		00D96B202BC9296000D403AC /* HomeScreen */ = {
			isa = PBXGroup;
			children = (
				006BB1652BC3966F00A0159D /* HomeView.swift */,
				006BB1692BC396A700A0159D /* HomeView.xib */,
				00D96B212BC9299400D403AC /* HomeViewModel.swift */,
			);
			path = HomeScreen;
			sourceTree = "<group>";
		};
		00D96B232BC92E2A00D403AC /* CommentScreen */ = {
			isa = PBXGroup;
			children = (
				00D96B242BC92E8E00D403AC /* CommentsView.swift */,
				00D96B252BC92E8E00D403AC /* CommentsView.xib */,
				0072893C2BE73E4F007CF4D7 /* CommentViewModel.swift */,
			);
			path = CommentScreen;
			sourceTree = "<group>";
		};
/* End PBXGroup section */

/* Begin PBXNativeTarget section */
		006BB0DD2BBA7B3C00A0159D /* SocialApp */ = {
			isa = PBXNativeTarget;
			buildConfigurationList = 006BB0F22BBA7B3D00A0159D /* Build configuration list for PBXNativeTarget "SocialApp" */;
			buildPhases = (
				006BB0DA2BBA7B3C00A0159D /* Sources */,
				006BB0DB2BBA7B3C00A0159D /* Frameworks */,
				006BB0DC2BBA7B3C00A0159D /* Resources */,
				004DB3902BDDABB600F279E9 /* Embed Frameworks */,
			);
			buildRules = (
			);
			dependencies = (
			);
			name = SocialApp;
			packageProductDependencies = (
				004435592BDEE38100C22F61 /* RxCocoa */,
				0044355B2BDEE38100C22F61 /* RxCocoa-Dynamic */,
				0044355D2BDEE38100C22F61 /* RxSwift */,
				0044355F2BDEE38100C22F61 /* RxSwift-Dynamic */,
				0072892E2BDF1217007CF4D7 /* RxBlocking */,
				007289302BDF1217007CF4D7 /* RxBlocking-Dynamic */,
			);
			productName = SocialApp;
			productReference = 006BB0DE2BBA7B3C00A0159D /* SocialApp.app */;
			productType = "com.apple.product-type.application";
		};
/* End PBXNativeTarget section */

/* Begin PBXProject section */
		006BB0D62BBA7B3C00A0159D /* Project object */ = {
			isa = PBXProject;
			attributes = {
				BuildIndependentTargetsInParallel = 1;
				LastSwiftUpdateCheck = 1520;
				LastUpgradeCheck = 1520;
				TargetAttributes = {
					006BB0DD2BBA7B3C00A0159D = {
						CreatedOnToolsVersion = 15.2;
					};
				};
			};
			buildConfigurationList = 006BB0D92BBA7B3C00A0159D /* Build configuration list for PBXProject "SocialApp" */;
			compatibilityVersion = "Xcode 14.0";
			developmentRegion = en;
			hasScannedForEncodings = 0;
			knownRegions = (
				en,
				Base,
			);
			mainGroup = 006BB0D52BBA7B3C00A0159D;
			packageReferences = (
				006BB1242BBE203700A0159D /* XCRemoteSwiftPackageReference "RxSwift" */,
			);
			productRefGroup = 006BB0DF2BBA7B3C00A0159D /* Products */;
			projectDirPath = "";
			projectRoot = "";
			targets = (
				006BB0DD2BBA7B3C00A0159D /* SocialApp */,
			);
		};
/* End PBXProject section */

/* Begin PBXResourcesBuildPhase section */
		006BB0DC2BBA7B3C00A0159D /* Resources */ = {
			isa = PBXResourcesBuildPhase;
			buildActionMask = 2147483647;
			files = (
				006BB0EE2BBA7B3D00A0159D /* LaunchScreen.storyboard in Resources */,
				006BB17A2BC3C0E200A0159D /* AddPostCell.xib in Resources */,
				006BB15A2BC253DF00A0159D /* SearchView.xib in Resources */,
				006BB16A2BC396A700A0159D /* HomeView.xib in Resources */,
				006BB1062BBB8EC000A0159D /* Colors.xcassets in Resources */,
				006BB15E2BC253F200A0159D /* NotifiView.xib in Resources */,
				00D96B272BC92E8E00D403AC /* CommentsView.xib in Resources */,
				009EB3D72BCBEBF7006F19C4 /* MyProfileDetailsCell.xib in Resources */,
				004DB37D2BD001A300F279E9 /* MessagesView.xib in Resources */,
				0099BE862BCE6DBB008DE9E0 /* NotifiCell.xib in Resources */,
				006BB0EB2BBA7B3D00A0159D /* Assets.xcassets in Resources */,
				006BB1622BC2540100A0159D /* MyProfileView.xib in Resources */,
				006BB1192BBBCD2700A0159D /* SignUpView.xib in Resources */,
				003613982BE9C7E400FF519F /* UsersDetailsCell.xib in Resources */,
				004DB3862BD0070700F279E9 /* MessageCell.xib in Resources */,
				00D96B1F2BC514A900D403AC /* PostCell.xib in Resources */,
				009EB3D22BCBB614006F19C4 /* CommentCell.xib in Resources */,
				003613932BE9C78400FF519F /* UsersView.xib in Resources */,
				009EB3DD2BCCEEB5006F19C4 /* AddUserInfoCell.xib in Resources */,
				006BB0FD2BBA82AE00A0159D /* LogInView.xib in Resources */,
			);
			runOnlyForDeploymentPostprocessing = 0;
		};
/* End PBXResourcesBuildPhase section */

/* Begin PBXSourcesBuildPhase section */
		006BB0DA2BBA7B3C00A0159D /* Sources */ = {
			isa = PBXSourcesBuildPhase;
			buildActionMask = 2147483647;
			files = (
				006BB14E2BC252B300A0159D /* ProfileCoordinator.swift in Sources */,
				006BB0E22BBA7B3C00A0159D /* AppDelegate.swift in Sources */,
				006BB1012BBB8D2000A0159D /* SocialMediaButtons.swift in Sources */,
				006BB1672BC3966F00A0159D /* HomeView.swift in Sources */,
				009EB3DC2BCCEEB5006F19C4 /* AddUserInfoCell.swift in Sources */,
				006BB10C2BBBB46300A0159D /* AuthTextFields.swift in Sources */,
				007289392BE34E62007CF4D7 /* APIPostInteractions.swift in Sources */,
				009EB3D12BCBB614006F19C4 /* CommentCell.swift in Sources */,
				00D96B1E2BC514A900D403AC /* PostsCell.swift in Sources */,
				003613942BE9C78400FF519F /* UsersView.swift in Sources */,
				006BB0FC2BBA82AE00A0159D /* LogInView.swift in Sources */,
				006BB13F2BBFA01600A0159D /* APIConstants.swift in Sources */,
				006BB1612BC2540100A0159D /* MyProfileView.swift in Sources */,
				0007D3352BE9DCD100B1DB2D /* UsersViewModel.swift in Sources */,
				009EB3D62BCBEBF7006F19C4 /* MyProfileDetailsCell.swift in Sources */,
				006BB1232BBBEAD400A0159D /* AuthCoordinator.swift in Sources */,
				006BB1412BBFA0D100A0159D /* APIAuth.swift in Sources */,
				006BB14C2BC252A800A0159D /* NotificationCoordinator.swift in Sources */,
				006BB1102BBBCC6700A0159D /* LogInViewModel.swift in Sources */,
				006BB10E2BBBBA1500A0159D /* MainButton.swift in Sources */,
				0072893D2BE73E4F007CF4D7 /* CommentViewModel.swift in Sources */,
				004DB3852BD0070700F279E9 /* MessageCell.swift in Sources */,
				00D96B262BC92E8E00D403AC /* CommentsView.swift in Sources */,
				006BB1792BC3C0E200A0159D /* AddPostCell.swift in Sources */,
				006BB11F2BBBD1D900A0159D /* Coordinator.swift in Sources */,
				006BB1592BC253DF00A0159D /* SearchView.swift in Sources */,
				007289372BDF4B1A007CF4D7 /* UserModel.swift in Sources */,
				006BB1182BBBCD2700A0159D /* SignUpView.swift in Sources */,
				003613992BE9C7E400FF519F /* UsersDetailsCell.swift in Sources */,
				006BB15D2BC253F200A0159D /* NotifiView.swift in Sources */,
				006BB0E42BBA7B3C00A0159D /* SceneDelegate.swift in Sources */,
				006BB1092BBB91DD00A0159D /* EmailButton.swift in Sources */,
				004DB37C2BD001A300F279E9 /* MessagesView.swift in Sources */,
				0072893B2BE73C92007CF4D7 /* CommentModel.swift in Sources */,
				004DB3882BD039EC00F279E9 /* AuthModel.swift in Sources */,
				0099BE812BCD4096008DE9E0 /* ImageSelectionManager.swift in Sources */,
				004DB38A2BD3F0E200F279E9 /* APIPosts.swift in Sources */,
				0099BE852BCE6DBB008DE9E0 /* NotifiCell.swift in Sources */,
				006BB1212BBBDF3600A0159D /* MainCoordinator.swift in Sources */,
				007289352BDF1EE3007CF4D7 /* PostModel.swift in Sources */,
				006BB11B2BBBCD7700A0159D /* SignUpViewModel.swift in Sources */,
				004DB3802BD001EF00F279E9 /* MyProfileViewModel.swift in Sources */,
				00D96B222BC9299400D403AC /* HomeViewModel.swift in Sources */,
				006BB14A2BC2529900A0159D /* SearchCoordinator.swift in Sources */,
				006BB13B2BBE749700A0159D /* Validation.swift in Sources */,
				006BB1032BBB8D8700A0159D /* GoogleButton.swift in Sources */,
				004DB38E2BD3F4DB00F279E9 /* APIRequests.swift in Sources */,
				006BB1482BC2528D00A0159D /* HomeCoordinator.swift in Sources */,
			);
			runOnlyForDeploymentPostprocessing = 0;
		};
/* End PBXSourcesBuildPhase section */

/* Begin PBXVariantGroup section */
		006BB0EC2BBA7B3D00A0159D /* LaunchScreen.storyboard */ = {
			isa = PBXVariantGroup;
			children = (
				006BB0ED2BBA7B3D00A0159D /* Base */,
			);
			name = LaunchScreen.storyboard;
			sourceTree = "<group>";
		};
/* End PBXVariantGroup section */

/* Begin XCBuildConfiguration section */
		006BB0F02BBA7B3D00A0159D /* Debug */ = {
			isa = XCBuildConfiguration;
			buildSettings = {
				ALWAYS_SEARCH_USER_PATHS = NO;
				ASSETCATALOG_COMPILER_GENERATE_SWIFT_ASSET_SYMBOL_EXTENSIONS = YES;
				CLANG_ANALYZER_NONNULL = YES;
				CLANG_ANALYZER_NUMBER_OBJECT_CONVERSION = YES_AGGRESSIVE;
				CLANG_CXX_LANGUAGE_STANDARD = "gnu++20";
				CLANG_ENABLE_MODULES = YES;
				CLANG_ENABLE_OBJC_ARC = YES;
				CLANG_ENABLE_OBJC_WEAK = YES;
				CLANG_WARN_BLOCK_CAPTURE_AUTORELEASING = YES;
				CLANG_WARN_BOOL_CONVERSION = YES;
				CLANG_WARN_COMMA = YES;
				CLANG_WARN_CONSTANT_CONVERSION = YES;
				CLANG_WARN_DEPRECATED_OBJC_IMPLEMENTATIONS = YES;
				CLANG_WARN_DIRECT_OBJC_ISA_USAGE = YES_ERROR;
				CLANG_WARN_DOCUMENTATION_COMMENTS = YES;
				CLANG_WARN_EMPTY_BODY = YES;
				CLANG_WARN_ENUM_CONVERSION = YES;
				CLANG_WARN_INFINITE_RECURSION = YES;
				CLANG_WARN_INT_CONVERSION = YES;
				CLANG_WARN_NON_LITERAL_NULL_CONVERSION = YES;
				CLANG_WARN_OBJC_IMPLICIT_RETAIN_SELF = YES;
				CLANG_WARN_OBJC_LITERAL_CONVERSION = YES;
				CLANG_WARN_OBJC_ROOT_CLASS = YES_ERROR;
				CLANG_WARN_QUOTED_INCLUDE_IN_FRAMEWORK_HEADER = YES;
				CLANG_WARN_RANGE_LOOP_ANALYSIS = YES;
				CLANG_WARN_STRICT_PROTOTYPES = YES;
				CLANG_WARN_SUSPICIOUS_MOVE = YES;
				CLANG_WARN_UNGUARDED_AVAILABILITY = YES_AGGRESSIVE;
				CLANG_WARN_UNREACHABLE_CODE = YES;
				CLANG_WARN__DUPLICATE_METHOD_MATCH = YES;
				COPY_PHASE_STRIP = NO;
				DEBUG_INFORMATION_FORMAT = dwarf;
				ENABLE_STRICT_OBJC_MSGSEND = YES;
				ENABLE_TESTABILITY = YES;
				ENABLE_USER_SCRIPT_SANDBOXING = YES;
				GCC_C_LANGUAGE_STANDARD = gnu17;
				GCC_DYNAMIC_NO_PIC = NO;
				GCC_NO_COMMON_BLOCKS = YES;
				GCC_OPTIMIZATION_LEVEL = 0;
				GCC_PREPROCESSOR_DEFINITIONS = (
					"DEBUG=1",
					"$(inherited)",
				);
				GCC_WARN_64_TO_32_BIT_CONVERSION = YES;
				GCC_WARN_ABOUT_RETURN_TYPE = YES_ERROR;
				GCC_WARN_UNDECLARED_SELECTOR = YES;
				GCC_WARN_UNINITIALIZED_AUTOS = YES_AGGRESSIVE;
				GCC_WARN_UNUSED_FUNCTION = YES;
				GCC_WARN_UNUSED_VARIABLE = YES;
				IPHONEOS_DEPLOYMENT_TARGET = 16.0;
				LOCALIZATION_PREFERS_STRING_CATALOGS = YES;
				MTL_ENABLE_DEBUG_INFO = INCLUDE_SOURCE;
				MTL_FAST_MATH = YES;
				ONLY_ACTIVE_ARCH = YES;
				SDKROOT = iphoneos;
				SWIFT_ACTIVE_COMPILATION_CONDITIONS = "DEBUG $(inherited)";
				SWIFT_OPTIMIZATION_LEVEL = "-Onone";
			};
			name = Debug;
		};
		006BB0F12BBA7B3D00A0159D /* Release */ = {
			isa = XCBuildConfiguration;
			buildSettings = {
				ALWAYS_SEARCH_USER_PATHS = NO;
				ASSETCATALOG_COMPILER_GENERATE_SWIFT_ASSET_SYMBOL_EXTENSIONS = YES;
				CLANG_ANALYZER_NONNULL = YES;
				CLANG_ANALYZER_NUMBER_OBJECT_CONVERSION = YES_AGGRESSIVE;
				CLANG_CXX_LANGUAGE_STANDARD = "gnu++20";
				CLANG_ENABLE_MODULES = YES;
				CLANG_ENABLE_OBJC_ARC = YES;
				CLANG_ENABLE_OBJC_WEAK = YES;
				CLANG_WARN_BLOCK_CAPTURE_AUTORELEASING = YES;
				CLANG_WARN_BOOL_CONVERSION = YES;
				CLANG_WARN_COMMA = YES;
				CLANG_WARN_CONSTANT_CONVERSION = YES;
				CLANG_WARN_DEPRECATED_OBJC_IMPLEMENTATIONS = YES;
				CLANG_WARN_DIRECT_OBJC_ISA_USAGE = YES_ERROR;
				CLANG_WARN_DOCUMENTATION_COMMENTS = YES;
				CLANG_WARN_EMPTY_BODY = YES;
				CLANG_WARN_ENUM_CONVERSION = YES;
				CLANG_WARN_INFINITE_RECURSION = YES;
				CLANG_WARN_INT_CONVERSION = YES;
				CLANG_WARN_NON_LITERAL_NULL_CONVERSION = YES;
				CLANG_WARN_OBJC_IMPLICIT_RETAIN_SELF = YES;
				CLANG_WARN_OBJC_LITERAL_CONVERSION = YES;
				CLANG_WARN_OBJC_ROOT_CLASS = YES_ERROR;
				CLANG_WARN_QUOTED_INCLUDE_IN_FRAMEWORK_HEADER = YES;
				CLANG_WARN_RANGE_LOOP_ANALYSIS = YES;
				CLANG_WARN_STRICT_PROTOTYPES = YES;
				CLANG_WARN_SUSPICIOUS_MOVE = YES;
				CLANG_WARN_UNGUARDED_AVAILABILITY = YES_AGGRESSIVE;
				CLANG_WARN_UNREACHABLE_CODE = YES;
				CLANG_WARN__DUPLICATE_METHOD_MATCH = YES;
				COPY_PHASE_STRIP = NO;
				DEBUG_INFORMATION_FORMAT = "dwarf-with-dsym";
				ENABLE_NS_ASSERTIONS = NO;
				ENABLE_STRICT_OBJC_MSGSEND = YES;
				ENABLE_USER_SCRIPT_SANDBOXING = YES;
				GCC_C_LANGUAGE_STANDARD = gnu17;
				GCC_NO_COMMON_BLOCKS = YES;
				GCC_WARN_64_TO_32_BIT_CONVERSION = YES;
				GCC_WARN_ABOUT_RETURN_TYPE = YES_ERROR;
				GCC_WARN_UNDECLARED_SELECTOR = YES;
				GCC_WARN_UNINITIALIZED_AUTOS = YES_AGGRESSIVE;
				GCC_WARN_UNUSED_FUNCTION = YES;
				GCC_WARN_UNUSED_VARIABLE = YES;
				IPHONEOS_DEPLOYMENT_TARGET = 16.0;
				LOCALIZATION_PREFERS_STRING_CATALOGS = YES;
				MTL_ENABLE_DEBUG_INFO = NO;
				MTL_FAST_MATH = YES;
				SDKROOT = iphoneos;
				SWIFT_COMPILATION_MODE = wholemodule;
				VALIDATE_PRODUCT = YES;
			};
			name = Release;
		};
		006BB0F32BBA7B3D00A0159D /* Debug */ = {
			isa = XCBuildConfiguration;
			buildSettings = {
				ASSETCATALOG_COMPILER_APPICON_NAME = AppIcon;
				ASSETCATALOG_COMPILER_GLOBAL_ACCENT_COLOR_NAME = AccentColor;
				CODE_SIGN_IDENTITY = "Apple Development";
				CODE_SIGN_STYLE = Automatic;
				CURRENT_PROJECT_VERSION = 1;
				DEVELOPMENT_TEAM = MT6D65325Z;
				GENERATE_INFOPLIST_FILE = YES;
				INFOPLIST_FILE = SocialApp/Info.plist;
				INFOPLIST_KEY_UIApplicationSupportsIndirectInputEvents = YES;
				INFOPLIST_KEY_UILaunchStoryboardName = LaunchScreen;
				INFOPLIST_KEY_UISupportedInterfaceOrientations_iPad = "UIInterfaceOrientationPortrait UIInterfaceOrientationPortraitUpsideDown UIInterfaceOrientationLandscapeLeft UIInterfaceOrientationLandscapeRight";
				INFOPLIST_KEY_UISupportedInterfaceOrientations_iPhone = "UIInterfaceOrientationPortrait UIInterfaceOrientationLandscapeLeft UIInterfaceOrientationLandscapeRight";
				INFOPLIST_KEY_WKRunsIndependentlyOfCompanionApp = NO;
				IPHONEOS_DEPLOYMENT_TARGET = 16.0;
				LD_RUNPATH_SEARCH_PATHS = (
					"$(inherited)",
					"@executable_path/Frameworks",
				);
				MARKETING_VERSION = 1.0;
				ONLY_ACTIVE_ARCH = YES;
				PRODUCT_BUNDLE_IDENTIFIER = com.moataz.SocialApp;
				PRODUCT_NAME = "$(TARGET_NAME)";
				PROVISIONING_PROFILE_SPECIFIER = "";
				SUPPORTED_PLATFORMS = "iphoneos iphonesimulator";
				SUPPORTS_MACCATALYST = NO;
				SUPPORTS_MAC_DESIGNED_FOR_IPHONE_IPAD = NO;
				SUPPORTS_XR_DESIGNED_FOR_IPHONE_IPAD = NO;
				SWIFT_EMIT_LOC_STRINGS = YES;
				SWIFT_VERSION = 5.0;
				TARGETED_DEVICE_FAMILY = 1;
			};
			name = Debug;
		};
		006BB0F42BBA7B3D00A0159D /* Release */ = {
			isa = XCBuildConfiguration;
			buildSettings = {
				ASSETCATALOG_COMPILER_APPICON_NAME = AppIcon;
				ASSETCATALOG_COMPILER_GLOBAL_ACCENT_COLOR_NAME = AccentColor;
				CODE_SIGN_IDENTITY = "Apple Development";
				CODE_SIGN_STYLE = Automatic;
				CURRENT_PROJECT_VERSION = 1;
				DEVELOPMENT_TEAM = MT6D65325Z;
				GENERATE_INFOPLIST_FILE = YES;
				INFOPLIST_FILE = SocialApp/Info.plist;
				INFOPLIST_KEY_UIApplicationSupportsIndirectInputEvents = YES;
				INFOPLIST_KEY_UILaunchStoryboardName = LaunchScreen;
				INFOPLIST_KEY_UISupportedInterfaceOrientations_iPad = "UIInterfaceOrientationPortrait UIInterfaceOrientationPortraitUpsideDown UIInterfaceOrientationLandscapeLeft UIInterfaceOrientationLandscapeRight";
				INFOPLIST_KEY_UISupportedInterfaceOrientations_iPhone = "UIInterfaceOrientationPortrait UIInterfaceOrientationLandscapeLeft UIInterfaceOrientationLandscapeRight";
				INFOPLIST_KEY_WKRunsIndependentlyOfCompanionApp = NO;
				IPHONEOS_DEPLOYMENT_TARGET = 16.0;
				LD_RUNPATH_SEARCH_PATHS = (
					"$(inherited)",
					"@executable_path/Frameworks",
				);
				MARKETING_VERSION = 1.0;
				ONLY_ACTIVE_ARCH = YES;
				PRODUCT_BUNDLE_IDENTIFIER = com.moataz.SocialApp;
				PRODUCT_NAME = "$(TARGET_NAME)";
				PROVISIONING_PROFILE_SPECIFIER = "";
				SUPPORTED_PLATFORMS = "iphoneos iphonesimulator";
				SUPPORTS_MACCATALYST = NO;
				SUPPORTS_MAC_DESIGNED_FOR_IPHONE_IPAD = NO;
				SUPPORTS_XR_DESIGNED_FOR_IPHONE_IPAD = NO;
				SWIFT_EMIT_LOC_STRINGS = YES;
				SWIFT_VERSION = 5.0;
				TARGETED_DEVICE_FAMILY = 1;
			};
			name = Release;
		};
/* End XCBuildConfiguration section */

/* Begin XCConfigurationList section */
		006BB0D92BBA7B3C00A0159D /* Build configuration list for PBXProject "SocialApp" */ = {
			isa = XCConfigurationList;
			buildConfigurations = (
				006BB0F02BBA7B3D00A0159D /* Debug */,
				006BB0F12BBA7B3D00A0159D /* Release */,
			);
			defaultConfigurationIsVisible = 0;
			defaultConfigurationName = Release;
		};
		006BB0F22BBA7B3D00A0159D /* Build configuration list for PBXNativeTarget "SocialApp" */ = {
			isa = XCConfigurationList;
			buildConfigurations = (
				006BB0F32BBA7B3D00A0159D /* Debug */,
				006BB0F42BBA7B3D00A0159D /* Release */,
			);
			defaultConfigurationIsVisible = 0;
			defaultConfigurationName = Release;
		};
/* End XCConfigurationList section */

/* Begin XCRemoteSwiftPackageReference section */
		006BB1242BBE203700A0159D /* XCRemoteSwiftPackageReference "RxSwift" */ = {
			isa = XCRemoteSwiftPackageReference;
			repositoryURL = "https://github.com/ReactiveX/RxSwift.git";
			requirement = {
				kind = upToNextMajorVersion;
				minimumVersion = 6.6.0;
			};
		};
/* End XCRemoteSwiftPackageReference section */

/* Begin XCSwiftPackageProductDependency section */
		004435592BDEE38100C22F61 /* RxCocoa */ = {
			isa = XCSwiftPackageProductDependency;
			package = 006BB1242BBE203700A0159D /* XCRemoteSwiftPackageReference "RxSwift" */;
			productName = RxCocoa;
		};
		0044355B2BDEE38100C22F61 /* RxCocoa-Dynamic */ = {
			isa = XCSwiftPackageProductDependency;
			package = 006BB1242BBE203700A0159D /* XCRemoteSwiftPackageReference "RxSwift" */;
			productName = "RxCocoa-Dynamic";
		};
		0044355D2BDEE38100C22F61 /* RxSwift */ = {
			isa = XCSwiftPackageProductDependency;
			package = 006BB1242BBE203700A0159D /* XCRemoteSwiftPackageReference "RxSwift" */;
			productName = RxSwift;
		};
		0044355F2BDEE38100C22F61 /* RxSwift-Dynamic */ = {
			isa = XCSwiftPackageProductDependency;
			package = 006BB1242BBE203700A0159D /* XCRemoteSwiftPackageReference "RxSwift" */;
			productName = "RxSwift-Dynamic";
		};
		0072892E2BDF1217007CF4D7 /* RxBlocking */ = {
			isa = XCSwiftPackageProductDependency;
			package = 006BB1242BBE203700A0159D /* XCRemoteSwiftPackageReference "RxSwift" */;
			productName = RxBlocking;
		};
		007289302BDF1217007CF4D7 /* RxBlocking-Dynamic */ = {
			isa = XCSwiftPackageProductDependency;
			package = 006BB1242BBE203700A0159D /* XCRemoteSwiftPackageReference "RxSwift" */;
			productName = "RxBlocking-Dynamic";
		};
/* End XCSwiftPackageProductDependency section */
	};
	rootObject = 006BB0D62BBA7B3C00A0159D /* Project object */;
}
